
Microsoft Visual Studio Solution File, Format Version 12.00
# Visual Studio Version 17
VisualStudioVersion = 17.0.31903.59
MinimumVisualStudioVersion = 10.0.40219.1
Project("{2150E333-8FDC-42A3-9474-1A3956D46DE8}") = "src", "src", "{827E0CD3-B72D-47B6-A68D-7590B98EB39B}"
EndProject
Project("{FAE04EC0-301F-11D3-BF4B-00C04F79EFBC}") = "WendoverHOA.Domain", "src\WendoverHOA.Domain\WendoverHOA.Domain.csproj", "{9A4FD574-A612-4DD1-A9B1-BA3E17DF47E6}"
EndProject
Project("{FAE04EC0-301F-11D3-BF4B-00C04F79EFBC}") = "WendoverHOA.Application", "src\WendoverHOA.Application\WendoverHOA.Application.csproj", "{8388124D-434F-4B9A-BED9-30B88782877B}"
EndProject
Project("{FAE04EC0-301F-11D3-BF4B-00C04F79EFBC}") = "WendoverHOA.Infrastructure", "src\WendoverHOA.Infrastructure\WendoverHOA.Infrastructure.csproj", "{E725FAA3-27C9-4084-AAF3-49433039B1F6}"
EndProject
Project("{FAE04EC0-301F-11D3-BF4B-00C04F79EFBC}") = "WendoverHOA.Web", "src\WendoverHOA.Web\WendoverHOA.Web.csproj", "{98C6B4F6-8FA5-47A9-8BC0-9D00E79D60D2}"
EndProject
Project("{FAE04EC0-301F-11D3-BF4B-00C04F79EFBC}") = "WendoverHOA.Domain.Tests", "tests\WendoverHOA.Domain.Tests\WendoverHOA.Domain.Tests.csproj", "{4F558DED-9B53-47A8-9065-559A8154C03F}"
EndProject
Project("{FAE04EC0-301F-11D3-BF4B-00C04F79EFBC}") = "WendoverHOA.Application.Tests", "tests\WendoverHOA.Application.Tests\WendoverHOA.Application.Tests.csproj", "{B3350D20-3BB8-4835-BED6-704D5B6D86C6}"
EndProject
Project("{FAE04EC0-301F-11D3-BF4B-00C04F79EFBC}") = "WendoverHOA.Infrastructure.Tests", "tests\WendoverHOA.Infrastructure.Tests\WendoverHOA.Infrastructure.Tests.csproj", "{73F9A933-04B5-4482-877D-A1E462B8CFFB}"
EndProject
Project("{FAE04EC0-301F-11D3-BF4B-00C04F79EFBC}") = "WendoverHOA.Web.Tests", "tests\WendoverHOA.Web.Tests\WendoverHOA.Web.Tests.csproj", "{54A05168-C604-42F9-96DC-4FFF7BBACF52}"
EndProject
Global
	GlobalSection(SolutionConfigurationPlatforms) = preSolution
		Debug|Any CPU = Debug|Any CPU
		Debug|x64 = Debug|x64
		Debug|x86 = Debug|x86
		Release|Any CPU = Release|Any CPU
		Release|x64 = Release|x64
		Release|x86 = Release|x86
	EndGlobalSection
	GlobalSection(ProjectConfigurationPlatforms) = postSolution
		{9A4FD574-A612-4DD1-A9B1-BA3E17DF47E6}.Debug|Any CPU.ActiveCfg = Debug|Any CPU
		{9A4FD574-A612-4DD1-A9B1-BA3E17DF47E6}.Debug|Any CPU.Build.0 = Debug|Any CPU
		{9A4FD574-A612-4DD1-A9B1-BA3E17DF47E6}.Debug|x64.ActiveCfg = Debug|Any CPU
		{9A4FD574-A612-4DD1-A9B1-BA3E17DF47E6}.Debug|x64.Build.0 = Debug|Any CPU
		{9A4FD574-A612-4DD1-A9B1-BA3E17DF47E6}.Debug|x86.ActiveCfg = Debug|Any CPU
		{9A4FD574-A612-4DD1-A9B1-BA3E17DF47E6}.Debug|x86.Build.0 = Debug|Any CPU
		{9A4FD574-A612-4DD1-A9B1-BA3E17DF47E6}.Release|Any CPU.ActiveCfg = Release|Any CPU
		{9A4FD574-A612-4DD1-A9B1-BA3E17DF47E6}.Release|Any CPU.Build.0 = Release|Any CPU
		{9A4FD574-A612-4DD1-A9B1-BA3E17DF47E6}.Release|x64.ActiveCfg = Release|Any CPU
		{9A4FD574-A612-4DD1-A9B1-BA3E17DF47E6}.Release|x64.Build.0 = Release|Any CPU
		{9A4FD574-A612-4DD1-A9B1-BA3E17DF47E6}.Release|x86.ActiveCfg = Release|Any CPU
		{9A4FD574-A612-4DD1-A9B1-BA3E17DF47E6}.Release|x86.Build.0 = Release|Any CPU
		{8388124D-434F-4B9A-BED9-30B88782877B}.Debug|Any CPU.ActiveCfg = Debug|Any CPU
		{8388124D-434F-4B9A-BED9-30B88782877B}.Debug|Any CPU.Build.0 = Debug|Any CPU
		{8388124D-434F-4B9A-BED9-30B88782877B}.Debug|x64.ActiveCfg = Debug|Any CPU
		{8388124D-434F-4B9A-BED9-30B88782877B}.Debug|x64.Build.0 = Debug|Any CPU
		{8388124D-434F-4B9A-BED9-30B88782877B}.Debug|x86.ActiveCfg = Debug|Any CPU
		{8388124D-434F-4B9A-BED9-30B88782877B}.Debug|x86.Build.0 = Debug|Any CPU
		{8388124D-434F-4B9A-BED9-30B88782877B}.Release|Any CPU.ActiveCfg = Release|Any CPU
		{8388124D-434F-4B9A-BED9-30B88782877B}.Release|Any CPU.Build.0 = Release|Any CPU
		{8388124D-434F-4B9A-BED9-30B88782877B}.Release|x64.ActiveCfg = Release|Any CPU
		{8388124D-434F-4B9A-BED9-30B88782877B}.Release|x64.Build.0 = Release|Any CPU
		{8388124D-434F-4B9A-BED9-30B88782877B}.Release|x86.ActiveCfg = Release|Any CPU
		{8388124D-434F-4B9A-BED9-30B88782877B}.Release|x86.Build.0 = Release|Any CPU
		{E725FAA3-27C9-4084-AAF3-49433039B1F6}.Debug|Any CPU.ActiveCfg = Debug|Any CPU
		{E725FAA3-27C9-4084-AAF3-49433039B1F6}.Debug|Any CPU.Build.0 = Debug|Any CPU
		{E725FAA3-27C9-4084-AAF3-49433039B1F6}.Debug|x64.ActiveCfg = Debug|Any CPU
		{E725FAA3-27C9-4084-AAF3-49433039B1F6}.Debug|x64.Build.0 = Debug|Any CPU
		{E725FAA3-27C9-4084-AAF3-49433039B1F6}.Debug|x86.ActiveCfg = Debug|Any CPU
		{E725FAA3-27C9-4084-AAF3-49433039B1F6}.Debug|x86.Build.0 = Debug|Any CPU
		{E725FAA3-27C9-4084-AAF3-49433039B1F6}.Release|Any CPU.ActiveCfg = Release|Any CPU
		{E725FAA3-27C9-4084-AAF3-49433039B1F6}.Release|Any CPU.Build.0 = Release|Any CPU
		{E725FAA3-27C9-4084-AAF3-49433039B1F6}.Release|x64.ActiveCfg = Release|Any CPU
		{E725FAA3-27C9-4084-AAF3-49433039B1F6}.Release|x64.Build.0 = Release|Any CPU
		{E725FAA3-27C9-4084-AAF3-49433039B1F6}.Release|x86.ActiveCfg = Release|Any CPU
		{E725FAA3-27C9-4084-AAF3-49433039B1F6}.Release|x86.Build.0 = Release|Any CPU
		{98C6B4F6-8FA5-47A9-8BC0-9D00E79D60D2}.Debug|Any CPU.ActiveCfg = Debug|Any CPU
		{98C6B4F6-8FA5-47A9-8BC0-9D00E79D60D2}.Debug|Any CPU.Build.0 = Debug|Any CPU
		{98C6B4F6-8FA5-47A9-8BC0-9D00E79D60D2}.Debug|x64.ActiveCfg = Debug|Any CPU
		{98C6B4F6-8FA5-47A9-8BC0-9D00E79D60D2}.Debug|x64.Build.0 = Debug|Any CPU
		{98C6B4F6-8FA5-47A9-8BC0-9D00E79D60D2}.Debug|x86.ActiveCfg = Debug|Any CPU
		{98C6B4F6-8FA5-47A9-8BC0-9D00E79D60D2}.Debug|x86.Build.0 = Debug|Any CPU
		{98C6B4F6-8FA5-47A9-8BC0-9D00E79D60D2}.Release|Any CPU.ActiveCfg = Release|Any CPU
		{98C6B4F6-8FA5-47A9-8BC0-9D00E79D60D2}.Release|Any CPU.Build.0 = Release|Any CPU
		{98C6B4F6-8FA5-47A9-8BC0-9D00E79D60D2}.Release|x64.ActiveCfg = Release|Any CPU
		{98C6B4F6-8FA5-47A9-8BC0-9D00E79D60D2}.Release|x64.Build.0 = Release|Any CPU
		{98C6B4F6-8FA5-47A9-8BC0-9D00E79D60D2}.Release|x86.ActiveCfg = Release|Any CPU
		{98C6B4F6-8FA5-47A9-8BC0-9D00E79D60D2}.Release|x86.Build.0 = Release|Any CPU
		{4F558DED-9B53-47A8-9065-559A8154C03F}.Debug|Any CPU.ActiveCfg = Debug|Any CPU
		{4F558DED-9B53-47A8-9065-559A8154C03F}.Debug|Any CPU.Build.0 = Debug|Any CPU
		{4F558DED-9B53-47A8-9065-559A8154C03F}.Debug|x64.ActiveCfg = Debug|Any CPU
		{4F558DED-9B53-47A8-9065-559A8154C03F}.Debug|x64.Build.0 = Debug|Any CPU
		{4F558DED-9B53-47A8-9065-559A8154C03F}.Debug|x86.ActiveCfg = Debug|Any CPU
		{4F558DED-9B53-47A8-9065-559A8154C03F}.Debug|x86.Build.0 = Debug|Any CPU
		{4F558DED-9B53-47A8-9065-559A8154C03F}.Release|Any CPU.ActiveCfg = Release|Any CPU
		{4F558DED-9B53-47A8-9065-559A8154C03F}.Release|Any CPU.Build.0 = Release|Any CPU
		{4F558DED-9B53-47A8-9065-559A8154C03F}.Release|x64.ActiveCfg = Release|Any CPU
		{4F558DED-9B53-47A8-9065-559A8154C03F}.Release|x64.Build.0 = Release|Any CPU
		{4F558DED-9B53-47A8-9065-559A8154C03F}.Release|x86.ActiveCfg = Release|Any CPU
		{4F558DED-9B53-47A8-9065-559A8154C03F}.Release|x86.Build.0 = Release|Any CPU
		{B3350D20-3BB8-4835-BED6-704D5B6D86C6}.Debug|Any CPU.ActiveCfg = Debug|Any CPU
		{B3350D20-3BB8-4835-BED6-704D5B6D86C6}.Debug|Any CPU.Build.0 = Debug|Any CPU
		{B3350D20-3BB8-4835-BED6-704D5B6D86C6}.Debug|x64.ActiveCfg = Debug|Any CPU
		{B3350D20-3BB8-4835-BED6-704D5B6D86C6}.Debug|x64.Build.0 = Debug|Any CPU
		{B3350D20-3BB8-4835-BED6-704D5B6D86C6}.Debug|x86.ActiveCfg = Debug|Any CPU
		{B3350D20-3BB8-4835-BED6-704D5B6D86C6}.Debug|x86.Build.0 = Debug|Any CPU
		{B3350D20-3BB8-4835-BED6-704D5B6D86C6}.Release|Any CPU.ActiveCfg = Release|Any CPU
		{B3350D20-3BB8-4835-BED6-704D5B6D86C6}.Release|Any CPU.Build.0 = Release|Any CPU
		{B3350D20-3BB8-4835-BED6-704D5B6D86C6}.Release|x64.ActiveCfg = Release|Any CPU
		{B3350D20-3BB8-4835-BED6-704D5B6D86C6}.Release|x64.Build.0 = Release|Any CPU
		{B3350D20-3BB8-4835-BED6-704D5B6D86C6}.Release|x86.ActiveCfg = Release|Any CPU
		{B3350D20-3BB8-4835-BED6-704D5B6D86C6}.Release|x86.Build.0 = Release|Any CPU
		{73F9A933-04B5-4482-877D-A1E462B8CFFB}.Debug|Any CPU.ActiveCfg = Debug|Any CPU
		{73F9A933-04B5-4482-877D-A1E462B8CFFB}.Debug|Any CPU.Build.0 = Debug|Any CPU
		{73F9A933-04B5-4482-877D-A1E462B8CFFB}.Debug|x64.ActiveCfg = Debug|Any CPU
		{73F9A933-04B5-4482-877D-A1E462B8CFFB}.Debug|x64.Build.0 = Debug|Any CPU
		{73F9A933-04B5-4482-877D-A1E462B8CFFB}.Debug|x86.ActiveCfg = Debug|Any CPU
		{73F9A933-04B5-4482-877D-A1E462B8CFFB}.Debug|x86.Build.0 = Debug|Any CPU
		{73F9A933-04B5-4482-877D-A1E462B8CFFB}.Release|Any CPU.ActiveCfg = Release|Any CPU
		{73F9A933-04B5-4482-877D-A1E462B8CFFB}.Release|Any CPU.Build.0 = Release|Any CPU
		{73F9A933-04B5-4482-877D-A1E462B8CFFB}.Release|x64.ActiveCfg = Release|Any CPU
		{73F9A933-04B5-4482-877D-A1E462B8CFFB}.Release|x64.Build.0 = Release|Any CPU
		{73F9A933-04B5-4482-877D-A1E462B8CFFB}.Release|x86.ActiveCfg = Release|Any CPU
		{73F9A933-04B5-4482-877D-A1E462B8CFFB}.Release|x86.Build.0 = Release|Any CPU
		{54A05168-C604-42F9-96DC-4FFF7BBACF52}.Debug|Any CPU.ActiveCfg = Debug|Any CPU
		{54A05168-C604-42F9-96DC-4FFF7BBACF52}.Debug|Any CPU.Build.0 = Debug|Any CPU
		{54A05168-C604-42F9-96DC-4FFF7BBACF52}.Debug|x64.ActiveCfg = Debug|Any CPU
		{54A05168-C604-42F9-96DC-4FFF7BBACF52}.Debug|x64.Build.0 = Debug|Any CPU
		{54A05168-C604-42F9-96DC-4FFF7BBACF52}.Debug|x86.ActiveCfg = Debug|Any CPU
		{54A05168-C604-42F9-96DC-4FFF7BBACF52}.Debug|x86.Build.0 = Debug|Any CPU
		{54A05168-C604-42F9-96DC-4FFF7BBACF52}.Release|Any CPU.ActiveCfg = Release|Any CPU
		{54A05168-C604-42F9-96DC-4FFF7BBACF52}.Release|Any CPU.Build.0 = Release|Any CPU
		{54A05168-C604-42F9-96DC-4FFF7BBACF52}.Release|x64.ActiveCfg = Release|Any CPU
		{54A05168-C604-42F9-96DC-4FFF7BBACF52}.Release|x64.Build.0 = Release|Any CPU
		{54A05168-C604-42F9-96DC-4FFF7BBACF52}.Release|x86.ActiveCfg = Release|Any CPU
		{54A05168-C604-42F9-96DC-4FFF7BBACF52}.Release|x86.Build.0 = Release|Any CPU
	EndGlobalSection
	GlobalSection(SolutionProperties) = preSolution
		HideSolutionNode = FALSE
	EndGlobalSection
	GlobalSection(NestedProjects) = preSolution
		{9A4FD574-A612-4DD1-A9B1-BA3E17DF47E6} = {827E0CD3-B72D-47B6-A68D-7590B98EB39B}
		{8388124D-434F-4B9A-BED9-30B88782877B} = {827E0CD3-B72D-47B6-A68D-7590B98EB39B}
		{E725FAA3-27C9-4084-AAF3-49433039B1F6} = {827E0CD3-B72D-47B6-A68D-7590B98EB39B}
		{98C6B4F6-8FA5-47A9-8BC0-9D00E79D60D2} = {827E0CD3-B72D-47B6-A68D-7590B98EB39B}
		{4F558DED-9B53-47A8-9065-559A8154C03F} = {827E0CD3-B72D-47B6-A68D-7590B98EB39B}
		{B3350D20-3BB8-4835-BED6-704D5B6D86C6} = {827E0CD3-B72D-47B6-A68D-7590B98EB39B}
		{73F9A933-04B5-4482-877D-A1E462B8CFFB} = {827E0CD3-B72D-47B6-A68D-7590B98EB39B}
		{54A05168-C604-42F9-96DC-4FFF7BBACF52} = {827E0CD3-B72D-47B6-A68D-7590B98EB39B}
	EndGlobalSection
EndGlobal
